# THIS IS AN AUTOGENERATED FILE. DO NOT EDIT THIS FILE DIRECTLY.
# yarn lockfile v1


"@types/babel-types@*", "@types/babel-types@^7.0.0":
  version "7.0.7"
  resolved "https://registry.yarnpkg.com/@types/babel-types/-/babel-types-7.0.7.tgz#667eb1640e8039436028055737d2b9986ee336e3"
  integrity sha512-dBtBbrc+qTHy1WdfHYjBwRln4+LWqASWakLHsWHR2NWHIFkv4W3O070IGoGLEBrJBvct3r0L1BUPuvURi7kYUQ==

"@types/babylon@^6.16.2":
  version "6.16.5"
  resolved "https://registry.yarnpkg.com/@types/babylon/-/babylon-6.16.5.tgz#1c5641db69eb8cdf378edd25b4be7754beeb48b4"
  integrity sha512-xH2e58elpj1X4ynnKp9qSnWlsRTIs6n3tgLGNfwAGHwePw0mulHQllV34n0T25uYSu1k0hRKkWXF890B1yS47w==
  dependencies:
    "@types/babel-types" "*"

acorn-globals@^3.0.0:
  version "3.1.0"
  resolved "https://registry.yarnpkg.com/acorn-globals/-/acorn-globals-3.1.0.tgz#fd8270f71fbb4996b004fa880ee5d46573a731bf"
  integrity sha1-/YJw9x+7SZawBPqIDuXUZXOnMb8=
  dependencies:
    acorn "^4.0.4"

acorn@^3.1.0:
  version "3.3.0"
  resolved "https://registry.yarnpkg.com/acorn/-/acorn-3.3.0.tgz#45e37fb39e8da3f25baee3ff5369e2bb5f22017a"
  integrity sha1-ReN/s56No/JbruP/U2niu18iAXo=

acorn@^4.0.4, acorn@~4.0.2:
  version "4.0.13"
  resolved "https://registry.yarnpkg.com/acorn/-/acorn-4.0.13.tgz#105495ae5361d697bd195c825192e1ad7f253787"
  integrity sha1-EFSVrlNh1pe9GVyCUZLhrX8lN4c=

align-text@^0.1.1, align-text@^0.1.3:
  version "0.1.4"
  resolved "https://registry.yarnpkg.com/align-text/-/align-text-0.1.4.tgz#0cd90a561093f35d0a99256c22b7069433fad117"
  integrity sha1-DNkKVhCT810KmSVsIrcGlDP60Rc=
  dependencies:
    kind-of "^3.0.2"
    longest "^1.0.1"
    repeat-string "^1.5.2"

asap@~2.0.3:
  version "2.0.6"
  resolved "https://registry.yarnpkg.com/asap/-/asap-2.0.6.tgz#e50347611d7e690943208bbdafebcbc2fb866d46"
  integrity sha1-5QNHYR1+aQlDIIu9r+vLwvuGbUY=

babel-runtime@^6.26.0:
  version "6.26.0"
  resolved "https://registry.yarnpkg.com/babel-runtime/-/babel-runtime-6.26.0.tgz#965c7058668e82b55d7bfe04ff2337bc8b5647fe"
  integrity sha1-llxwWGaOgrVde/4E/yM3vItWR/4=
  dependencies:
    core-js "^2.4.0"
    regenerator-runtime "^0.11.0"

babel-types@^6.26.0:
  version "6.26.0"
  resolved "https://registry.yarnpkg.com/babel-types/-/babel-types-6.26.0.tgz#a3b073f94ab49eb6fa55cd65227a334380632497"
  integrity sha1-o7Bz+Uq0nrb6Vc1lInozQ4BjJJc=
  dependencies:
    babel-runtime "^6.26.0"
    esutils "^2.0.2"
    lodash "^4.17.4"
    to-fast-properties "^1.0.3"

babylon@^6.18.0:
  version "6.18.0"
  resolved "https://registry.yarnpkg.com/babylon/-/babylon-6.18.0.tgz#af2f3b88fa6f5c1e4c634d1a0f8eac4f55b395e3"
  integrity sha512-q/UEjfGJ2Cm3oKV71DJz9d25TPnq5rhBVL2Q4fA5wcC3jcrdn7+SssEybFIxwAvvP+YCsCYNKughoF33GxgycQ==

camelcase@^1.0.2:
  version "1.2.1"
  resolved "https://registry.yarnpkg.com/camelcase/-/camelcase-1.2.1.tgz#9bb5304d2e0b56698b2c758b08a3eaa9daa58a39"
  integrity sha1-m7UwTS4LVmmLLHWLCKPqqdqlijk=

center-align@^0.1.1:
  version "0.1.3"
  resolved "https://registry.yarnpkg.com/center-align/-/center-align-0.1.3.tgz#aa0d32629b6ee972200411cbd4461c907bc2b7ad"
  integrity sha1-qg0yYptu6XIgBBHL1EYckHvCt60=
  dependencies:
    align-text "^0.1.3"
    lazy-cache "^1.0.3"

character-parser@^2.1.1:
  version "2.2.0"
  resolved "https://registry.yarnpkg.com/character-parser/-/character-parser-2.2.0.tgz#c7ce28f36d4bcd9744e5ffc2c5fcde1c73261fc0"
  integrity sha1-x84o821LzZdE5f/CxfzeHHMmH8A=
  dependencies:
    is-regex "^1.0.3"

clean-css@^4.1.11:
  version "4.2.1"
  resolved "https://registry.yarnpkg.com/clean-css/-/clean-css-4.2.1.tgz#2d411ef76b8569b6d0c84068dabe85b0aa5e5c17"
  integrity sha512-4ZxI6dy4lrY6FHzfiy1aEOXgu4LIsW2MhwG0VBKdcoGoH/XLFgaHSdLTGr4O8Be6A8r3MOphEiI8Gc1n0ecf3g==
  dependencies:
    source-map "~0.6.0"

cliui@^2.1.0:
  version "2.1.0"
  resolved "https://registry.yarnpkg.com/cliui/-/cliui-2.1.0.tgz#4b475760ff80264c762c3a1719032e91c7fea0d1"
  integrity sha1-S0dXYP+AJkx2LDoXGQMukcf+oNE=
  dependencies:
    center-align "^0.1.1"
    right-align "^0.1.1"
    wordwrap "0.0.2"

constantinople@^3.0.1, constantinople@^3.1.2:
  version "3.1.2"
  resolved "https://registry.yarnpkg.com/constantinople/-/constantinople-3.1.2.tgz#d45ed724f57d3d10500017a7d3a889c1381ae647"
  integrity sha512-yePcBqEFhLOqSBtwYOGGS1exHo/s1xjekXiinh4itpNQGCu4KA1euPh1fg07N2wMITZXQkBz75Ntdt1ctGZouw==
  dependencies:
    "@types/babel-types" "^7.0.0"
    "@types/babylon" "^6.16.2"
    babel-types "^6.26.0"
    babylon "^6.18.0"

core-js@^2.4.0:
  version "2.6.10"
  resolved "https://registry.yarnpkg.com/core-js/-/core-js-2.6.10.tgz#8a5b8391f8cc7013da703411ce5b585706300d7f"
  integrity sha512-I39t74+4t+zau64EN1fE5v2W31Adtc/REhzWN+gWRRXg6WH5qAsZm62DHpQ1+Yhe4047T55jvzz7MUqF/dBBlA==

decamelize@^1.0.0:
  version "1.2.0"
  resolved "https://registry.yarnpkg.com/decamelize/-/decamelize-1.2.0.tgz#f6534d15148269b20352e7bee26f501f9a191290"
  integrity sha1-9lNNFRSCabIDUue+4m9QH5oZEpA=

doctypes@^1.1.0:
  version "1.1.0"
  resolved "https://registry.yarnpkg.com/doctypes/-/doctypes-1.1.0.tgz#ea80b106a87538774e8a3a4a5afe293de489e0a9"
  integrity sha1-6oCxBqh1OHdOijpKWv4pPeSJ4Kk=

esutils@^2.0.2:
  version "2.0.3"
  resolved "https://registry.yarnpkg.com/esutils/-/esutils-2.0.3.tgz#74d2eb4de0b8da1293711910d50775b9b710ef64"
  integrity sha512-kVscqXk4OCp68SZ0dkgEKVi6/8ij300KBWTJq32P/dYeWTSwK41WyTxalN1eRmA5Z9UU/LX9D7FWSmV9SAYx6g==

function-bind@^1.1.1:
  version "1.1.1"
  resolved "https://registry.yarnpkg.com/function-bind/-/function-bind-1.1.1.tgz#a56899d3ea3c9bab874bb9773b7c5ede92f4895d"
  integrity sha512-yIovAzMX49sF8Yl58fSCWJ5svSLuaibPxXQJFLmBObTuCr0Mf1KiPopGM9NiFjiYBCbfaa2Fh6breQ6ANVTI0A==

has@^1.0.1:
  version "1.0.3"
  resolved "https://registry.yarnpkg.com/has/-/has-1.0.3.tgz#722d7cbfc1f6aa8241f16dd814e011e1f41e8796"
  integrity sha512-f2dvO0VU6Oej7RkWJGrehjbzMAjFp5/VKPp5tTpWIV4JHHZK1/BxbFRtf/siA2SWTe09caDmVtYYzWEIbBS4zw==
  dependencies:
    function-bind "^1.1.1"

is-buffer@^1.1.5:
  version "1.1.6"
  resolved "https://registry.yarnpkg.com/is-buffer/-/is-buffer-1.1.6.tgz#efaa2ea9daa0d7ab2ea13a97b2b8ad51fefbe8be"
  integrity sha512-NcdALwpXkTm5Zvvbk7owOUSvVvBKDgKP5/ewfXEznmQFfs4ZRmanOeKBTjRVjka3QFoN6XJ+9F3USqfHqTaU5w==

is-expression@^3.0.0:
  version "3.0.0"
  resolved "https://registry.yarnpkg.com/is-expression/-/is-expression-3.0.0.tgz#39acaa6be7fd1f3471dc42c7416e61c24317ac9f"
  integrity sha1-Oayqa+f9HzRx3ELHQW5hwkMXrJ8=
  dependencies:
    acorn "~4.0.2"
    object-assign "^4.0.1"

is-promise@^2.0.0:
  version "2.1.0"
  resolved "https://registry.yarnpkg.com/is-promise/-/is-promise-2.1.0.tgz#79a2a9ece7f096e80f36d2b2f3bc16c1ff4bf3fa"
  integrity sha1-eaKp7OfwlugPNtKy87wWwf9L8/o=

is-regex@^1.0.3:
  version "1.0.4"
  resolved "https://registry.yarnpkg.com/is-regex/-/is-regex-1.0.4.tgz#5517489b547091b0930e095654ced25ee97e9491"
  integrity sha1-VRdIm1RwkbCTDglWVM7SXul+lJE=
  dependencies:
    has "^1.0.1"

js-stringify@^1.0.1:
  version "1.0.2"
  resolved "https://registry.yarnpkg.com/js-stringify/-/js-stringify-1.0.2.tgz#1736fddfd9724f28a3682adc6230ae7e4e9679db"
  integrity sha1-Fzb939lyTyijaCrcYjCufk6Weds=

jstransformer@1.0.0:
  version "1.0.0"
  resolved "https://registry.yarnpkg.com/jstransformer/-/jstransformer-1.0.0.tgz#ed8bf0921e2f3f1ed4d5c1a44f68709ed24722c3"
  integrity sha1-7Yvwkh4vPx7U1cGkT2hwntJHIsM=
  dependencies:
    is-promise "^2.0.0"
    promise "^7.0.1"

kind-of@^3.0.2:
  version "3.2.2"
  resolved "https://registry.yarnpkg.com/kind-of/-/kind-of-3.2.2.tgz#31ea21a734bab9bbb0f32466d893aea51e4a3c64"
  integrity sha1-MeohpzS6ubuw8yRm2JOupR5KPGQ=
  dependencies:
    is-buffer "^1.1.5"

lazy-cache@^1.0.3:
  version "1.0.4"
  resolved "https://registry.yarnpkg.com/lazy-cache/-/lazy-cache-1.0.4.tgz#a1d78fc3a50474cb80845d3b3b6e1da49a446e8e"
  integrity sha1-odePw6UEdMuAhF07O24dpJpEbo4=

lodash@^4.17.4:
  version "4.17.15"
  resolved "https://registry.yarnpkg.com/lodash/-/lodash-4.17.15.tgz#b447f6670a0455bbfeedd11392eff330ea097548"
  integrity sha512-8xOcRHvCjnocdS5cpwXQXVzmmh5e5+saE2QGoeQmbKmRS6J3VQppPOIt0MnmE+4xlZoumy0GPG0D0MVIQbNA1A==

longest@^1.0.1:
  version "1.0.1"
  resolved "https://registry.yarnpkg.com/longest/-/longest-1.0.1.tgz#30a0b2da38f73770e8294a0d22e6625ed77d0097"
  integrity sha1-MKCy2jj3N3DoKUoNIuZiXtd9AJc=

object-assign@^4.0.1, object-assign@^4.1.0:
  version "4.1.1"
  resolved "https://registry.yarnpkg.com/object-assign/-/object-assign-4.1.1.tgz#2109adc7965887cfc05cbbd442cac8bfbb360863"
  integrity sha1-IQmtx5ZYh8/AXLvUQsrIv7s2CGM=

path-parse@^1.0.6:
  version "1.0.6"
  resolved "https://registry.yarnpkg.com/path-parse/-/path-parse-1.0.6.tgz#d62dbb5679405d72c4737ec58600e9ddcf06d24c"
  integrity sha512-GSmOT2EbHrINBf9SR7CDELwlJ8AENk3Qn7OikK4nFYAu3Ote2+JYNVvkpAEQm3/TLNEJFD/xZJjzyxg3KBWOzw==

promise@^7.0.1:
  version "7.3.1"
  resolved "https://registry.yarnpkg.com/promise/-/promise-7.3.1.tgz#064b72602b18f90f29192b8b1bc418ffd1ebd3bf"
  integrity sha512-nolQXZ/4L+bP/UGlkfaIujX9BKxGwmQ9OT4mOt5yvy8iK1h3wqTEJCijzGANTCCl9nWjY41juyAn2K3Q1hLLTg==
  dependencies:
    asap "~2.0.3"

pug-attrs@^2.0.4:
  version "2.0.4"
  resolved "https://registry.yarnpkg.com/pug-attrs/-/pug-attrs-2.0.4.tgz#b2f44c439e4eb4ad5d4ef25cac20d18ad28cc336"
  integrity sha512-TaZ4Z2TWUPDJcV3wjU3RtUXMrd3kM4Wzjbe3EWnSsZPsJ3LDI0F3yCnf2/W7PPFF+edUFQ0HgDL1IoxSz5K8EQ==
  dependencies:
    constantinople "^3.0.1"
    js-stringify "^1.0.1"
    pug-runtime "^2.0.5"

pug-code-gen@^2.0.2:
  version "2.0.2"
  resolved "https://registry.yarnpkg.com/pug-code-gen/-/pug-code-gen-2.0.2.tgz#ad0967162aea077dcf787838d94ed14acb0217c2"
  integrity sha512-kROFWv/AHx/9CRgoGJeRSm+4mLWchbgpRzTEn8XCiwwOy6Vh0gAClS8Vh5TEJ9DBjaP8wCjS3J6HKsEsYdvaCw==
  dependencies:
    constantinople "^3.1.2"
    doctypes "^1.1.0"
    js-stringify "^1.0.1"
    pug-attrs "^2.0.4"
    pug-error "^1.3.3"
    pug-runtime "^2.0.5"
    void-elements "^2.0.1"
    with "^5.0.0"

pug-error@^1.3.3:
  version "1.3.3"
  resolved "https://registry.yarnpkg.com/pug-error/-/pug-error-1.3.3.tgz#f342fb008752d58034c185de03602dd9ffe15fa6"
  integrity sha512-qE3YhESP2mRAWMFJgKdtT5D7ckThRScXRwkfo+Erqga7dyJdY3ZquspprMCj/9sJ2ijm5hXFWQE/A3l4poMWiQ==

pug-filters@^3.1.1:
  version "3.1.1"
  resolved "https://registry.yarnpkg.com/pug-filters/-/pug-filters-3.1.1.tgz#ab2cc82db9eeccf578bda89130e252a0db026aa7"
  integrity sha512-lFfjNyGEyVWC4BwX0WyvkoWLapI5xHSM3xZJFUhx4JM4XyyRdO8Aucc6pCygnqV2uSgJFaJWW3Ft1wCWSoQkQg==
  dependencies:
    clean-css "^4.1.11"
    constantinople "^3.0.1"
    jstransformer "1.0.0"
    pug-error "^1.3.3"
    pug-walk "^1.1.8"
    resolve "^1.1.6"
    uglify-js "^2.6.1"

pug-lexer@^4.1.0:
  version "4.1.0"
  resolved "https://registry.yarnpkg.com/pug-lexer/-/pug-lexer-4.1.0.tgz#531cde48c7c0b1fcbbc2b85485c8665e31489cfd"
  integrity sha512-i55yzEBtjm0mlplW4LoANq7k3S8gDdfC6+LThGEvsK4FuobcKfDAwt6V4jKPH9RtiE3a2Akfg5UpafZ1OksaPA==
  dependencies:
    character-parser "^2.1.1"
    is-expression "^3.0.0"
    pug-error "^1.3.3"

pug-linker@^3.0.6:
  version "3.0.6"
  resolved "https://registry.yarnpkg.com/pug-linker/-/pug-linker-3.0.6.tgz#f5bf218b0efd65ce6670f7afc51658d0f82989fb"
  integrity sha512-bagfuHttfQOpANGy1Y6NJ+0mNb7dD2MswFG2ZKj22s8g0wVsojpRlqveEQHmgXXcfROB2RT6oqbPYr9EN2ZWzg==
  dependencies:
    pug-error "^1.3.3"
    pug-walk "^1.1.8"

pug-load@^2.0.12:
  version "2.0.12"
  resolved "https://registry.yarnpkg.com/pug-load/-/pug-load-2.0.12.tgz#d38c85eb85f6e2f704dea14dcca94144d35d3e7b"
  integrity sha512-UqpgGpyyXRYgJs/X60sE6SIf8UBsmcHYKNaOccyVLEuT6OPBIMo6xMPhoJnqtB3Q3BbO4Z3Bjz5qDsUWh4rXsg==
  dependencies:
    object-assign "^4.1.0"
    pug-walk "^1.1.8"

pug-parser@^5.0.1:
  version "5.0.1"
  resolved "https://registry.yarnpkg.com/pug-parser/-/pug-parser-5.0.1.tgz#03e7ada48b6840bd3822f867d7d90f842d0ffdc9"
  integrity sha512-nGHqK+w07p5/PsPIyzkTQfzlYfuqoiGjaoqHv1LjOv2ZLXmGX1O+4Vcvps+P4LhxZ3drYSljjq4b+Naid126wA==
  dependencies:
    pug-error "^1.3.3"
    token-stream "0.0.1"

pug-runtime@^2.0.5:
  version "2.0.5"
  resolved "https://registry.yarnpkg.com/pug-runtime/-/pug-runtime-2.0.5.tgz#6da7976c36bf22f68e733c359240d8ae7a32953a"
  integrity sha512-P+rXKn9un4fQY77wtpcuFyvFaBww7/91f3jHa154qU26qFAnOe6SW1CbIDcxiG5lLK9HazYrMCCuDvNgDQNptw==

pug-strip-comments@^1.0.4:
  version "1.0.4"
  resolved "https://registry.yarnpkg.com/pug-strip-comments/-/pug-strip-comments-1.0.4.tgz#cc1b6de1f6e8f5931cf02ec66cdffd3f50eaf8a8"
  integrity sha512-i5j/9CS4yFhSxHp5iKPHwigaig/VV9g+FgReLJWWHEHbvKsbqL0oP/K5ubuLco6Wu3Kan5p7u7qk8A4oLLh6vw==
  dependencies:
    pug-error "^1.3.3"

pug-walk@^1.1.8:
  version "1.1.8"
  resolved "https://registry.yarnpkg.com/pug-walk/-/pug-walk-1.1.8.tgz#b408f67f27912f8c21da2f45b7230c4bd2a5ea7a"
  integrity sha512-GMu3M5nUL3fju4/egXwZO0XLi6fW/K3T3VTgFQ14GxNi8btlxgT5qZL//JwZFm/2Fa64J/PNS8AZeys3wiMkVA==

pug@^2.0.4:
  version "2.0.4"
  resolved "https://registry.yarnpkg.com/pug/-/pug-2.0.4.tgz#ee7682ec0a60494b38d48a88f05f3b0ac931377d"
  integrity sha512-XhoaDlvi6NIzL49nu094R2NA6P37ijtgMDuWE+ofekDChvfKnzFal60bhSdiy8y2PBO6fmz3oMEIcfpBVRUdvw==
  dependencies:
    pug-code-gen "^2.0.2"
    pug-filters "^3.1.1"
    pug-lexer "^4.1.0"
    pug-linker "^3.0.6"
    pug-load "^2.0.12"
    pug-parser "^5.0.1"
    pug-runtime "^2.0.5"
    pug-strip-comments "^1.0.4"

regenerator-runtime@^0.11.0:
  version "0.11.1"
  resolved "https://registry.yarnpkg.com/regenerator-runtime/-/regenerator-runtime-0.11.1.tgz#be05ad7f9bf7d22e056f9726cee5017fbf19e2e9"
  integrity sha512-MguG95oij0fC3QV3URf4V2SDYGJhJnJGqvIIgdECeODCT98wSWDAJ94SSuVpYQUoTcGUIL6L4yNB7j1DFFHSBg==

repeat-string@^1.5.2:
  version "1.6.1"
  resolved "https://registry.yarnpkg.com/repeat-string/-/repeat-string-1.6.1.tgz#8dcae470e1c88abc2d600fff4a776286da75e637"
  integrity sha1-jcrkcOHIirwtYA//Sndihtp15jc=

resolve@^1.1.6:
  version "1.12.0"
  resolved "https://registry.yarnpkg.com/resolve/-/resolve-1.12.0.tgz#3fc644a35c84a48554609ff26ec52b66fa577df6"
  integrity sha512-B/dOmuoAik5bKcD6s6nXDCjzUKnaDvdkRyAk6rsmsKLipWj4797iothd7jmmUhWTfinVMU+wc56rYKsit2Qy4w==
  dependencies:
    path-parse "^1.0.6"

right-align@^0.1.1:
  version "0.1.3"
  resolved "https://registry.yarnpkg.com/right-align/-/right-align-0.1.3.tgz#61339b722fe6a3515689210d24e14c96148613ef"
  integrity sha1-YTObci/mo1FWiSENJOFMlhSGE+8=
  dependencies:
    align-text "^0.1.1"

source-map@~0.5.1:
  version "0.5.7"
  resolved "https://registry.yarnpkg.com/source-map/-/source-map-0.5.7.tgz#8a039d2d1021d22d1ea14c80d8ea468ba2ef3fcc"
  integrity sha1-igOdLRAh0i0eoUyA2OpGi6LvP8w=

source-map@~0.6.0:
  version "0.6.1"
  resolved "https://registry.yarnpkg.com/source-map/-/source-map-0.6.1.tgz#74722af32e9614e9c287a8d0bbde48b5e2f1a263"
  integrity sha512-UjgapumWlbMhkBgzT7Ykc5YXUT46F0iKu8SGXq0bcwP5dz/h0Plj6enJqjz1Zbq2l5WaqYnrVbwWOWMyF3F47g==

to-fast-properties@^1.0.3:
  version "1.0.3"
  resolved "https://registry.yarnpkg.com/to-fast-properties/-/to-fast-properties-1.0.3.tgz#b83571fa4d8c25b82e231b06e3a3055de4ca1a47"
  integrity sha1-uDVx+k2MJbguIxsG46MFXeTKGkc=

token-stream@0.0.1:
  version "0.0.1"
  resolved "https://registry.yarnpkg.com/token-stream/-/token-stream-0.0.1.tgz#ceeefc717a76c4316f126d0b9dbaa55d7e7df01a"
  integrity sha1-zu78cXp2xDFvEm0LnbqlXX598Bo=

uglify-js@^2.6.1:
  version "2.8.29"
  resolved "https://registry.yarnpkg.com/uglify-js/-/uglify-js-2.8.29.tgz#29c5733148057bb4e1f75df35b7a9cb72e6a59dd"
  integrity sha1-KcVzMUgFe7Th913zW3qcty5qWd0=
  dependencies:
    source-map "~0.5.1"
    yargs "~3.10.0"
  optionalDependencies:
    uglify-to-browserify "~1.0.0"

uglify-to-browserify@~1.0.0:
  version "1.0.2"
  resolved "https://registry.yarnpkg.com/uglify-to-browserify/-/uglify-to-browserify-1.0.2.tgz#6e0924d6bda6b5afe349e39a6d632850a0f882b7"
  integrity sha1-bgkk1r2mta/jSeOabWMoUKD4grc=

void-elements@^2.0.1:
  version "2.0.1"
  resolved "https://registry.yarnpkg.com/void-elements/-/void-elements-2.0.1.tgz#c066afb582bb1cb4128d60ea92392e94d5e9dbec"
  integrity sha1-wGavtYK7HLQSjWDqkjkulNXp2+w=

window-size@0.1.0:
  version "0.1.0"
  resolved "https://registry.yarnpkg.com/window-size/-/window-size-0.1.0.tgz#5438cd2ea93b202efa3a19fe8887aee7c94f9c9d"
  integrity sha1-VDjNLqk7IC76Ohn+iIeu58lPnJ0=

with@^5.0.0:
  version "5.1.1"
  resolved "https://registry.yarnpkg.com/with/-/with-5.1.1.tgz#fa4daa92daf32c4ea94ed453c81f04686b575dfe"
  integrity sha1-+k2qktrzLE6pTtRTyB8EaGtXXf4=
  dependencies:
    acorn "^3.1.0"
    acorn-globals "^3.0.0"

wordwrap@0.0.2:
  version "0.0.2"
  resolved "https://registry.yarnpkg.com/wordwrap/-/wordwrap-0.0.2.tgz#b79669bb42ecb409f83d583cad52ca17eaa1643f"
  integrity sha1-t5Zpu0LstAn4PVg8rVLKF+qhZD8=

yargs@~3.10.0:
  version "3.10.0"
  resolved "https://registry.yarnpkg.com/yargs/-/yargs-3.10.0.tgz#f7ee7bd857dd7c1d2d38c0e74efbd681d1431fd1"
  integrity sha1-9+572FfdfB0tOMDnTvvWgdFDH9E=
  dependencies:
    camelcase "^1.0.2"
    cliui "^2.1.0"
    decamelize "^1.0.0"
    window-size "0.1.0"
